
Microsoft Visual Studio Solution File, Format Version 12.00
# Visual Studio 15
VisualStudioVersion = 15.0.27703.2042
MinimumVisualStudioVersion = 10.0.40219.1
Project("{2150E333-8FDC-42A3-9474-1A3956D46DE8}") = "BLL", "BLL", "{7BC4DAE7-1295-4E50-86D8-D79BE61D1E3B}"
EndProject
Project("{FAE04EC0-301F-11D3-BF4B-00C04F79EFBC}") = "Demo.BLL", "Demo.BLL\Demo.BLL.csproj", "{FC4F56E0-4ED9-4AA2-A21A-E40904E46B58}"
EndProject
Project("{FAE04EC0-301F-11D3-BF4B-00C04F79EFBC}") = "Demo.IBLL", "Demo.IBLL\Demo.IBLL.csproj", "{0D12E57D-F5C2-4D85-904C-160B5322D211}"
EndProject
Project("{FAE04EC0-301F-11D3-BF4B-00C04F79EFBC}") = "Demo.BLLContainer", "Demo.BLLContainer\Demo.BLLContainer.csproj", "{62BE321E-80B5-4B1E-8C94-83234E1BF3FC}"
EndProject
Project("{2150E333-8FDC-42A3-9474-1A3956D46DE8}") = "DAL", "DAL", "{D209B728-1CFE-4D6A-A509-B527208C2855}"
EndProject
Project("{FAE04EC0-301F-11D3-BF4B-00C04F79EFBC}") = "Demo.DAL", "Demo.DAL\Demo.DAL.csproj", "{7785E73C-DB97-40F6-B2FC-8404C5632319}"
EndProject
Project("{FAE04EC0-301F-11D3-BF4B-00C04F79EFBC}") = "Demo.DALContainer", "Demo.DALContainer\Demo.DALContainer.csproj", "{0EE341F2-9BC0-4463-9616-76235D302348}"
EndProject
Project("{FAE04EC0-301F-11D3-BF4B-00C04F79EFBC}") = "Demo.IDAL", "Demo.IDAL\Demo.IDAL.csproj", "{FA7104AD-8D61-422E-8A71-068591D16485}"
EndProject
Project("{2150E333-8FDC-42A3-9474-1A3956D46DE8}") = "Model", "Model", "{FF941412-BF62-4329-B764-E0988BDDA70C}"
EndProject
Project("{FAE04EC0-301F-11D3-BF4B-00C04F79EFBC}") = "Demo.Model", "Demo.Model\Demo.Model.csproj", "{AB9613F6-502C-46E5-A305-A63BB27D6D78}"
EndProject
Project("{2150E333-8FDC-42A3-9474-1A3956D46DE8}") = "API", "API", "{46B51F40-6FB4-4677-96F6-436922973C19}"
EndProject
Project("{FAE04EC0-301F-11D3-BF4B-00C04F79EFBC}") = "Demo.API", "Demo.API\Demo.API.csproj", "{9F4AF836-2EAC-490F-B207-A422532905D8}"
EndProject
Project("{2150E333-8FDC-42A3-9474-1A3956D46DE8}") = "Infrastructure", "Infrastructure", "{E80BCA4D-04B0-4F1E-B951-D07D68D33DAD}"
EndProject
Project("{FAE04EC0-301F-11D3-BF4B-00C04F79EFBC}") = "Demo.Infrastructure", "Demo.Infrastructure\Demo.Infrastructure.csproj", "{C221362C-0231-4A2E-9A73-15EB0E986309}"
EndProject
Global
	GlobalSection(SolutionConfigurationPlatforms) = preSolution
		Debug|Any CPU = Debug|Any CPU
		Release|Any CPU = Release|Any CPU
	EndGlobalSection
	GlobalSection(ProjectConfigurationPlatforms) = postSolution
		{FC4F56E0-4ED9-4AA2-A21A-E40904E46B58}.Debug|Any CPU.ActiveCfg = Debug|Any CPU
		{FC4F56E0-4ED9-4AA2-A21A-E40904E46B58}.Debug|Any CPU.Build.0 = Debug|Any CPU
		{FC4F56E0-4ED9-4AA2-A21A-E40904E46B58}.Release|Any CPU.ActiveCfg = Release|Any CPU
		{FC4F56E0-4ED9-4AA2-A21A-E40904E46B58}.Release|Any CPU.Build.0 = Release|Any CPU
		{0D12E57D-F5C2-4D85-904C-160B5322D211}.Debug|Any CPU.ActiveCfg = Debug|Any CPU
		{0D12E57D-F5C2-4D85-904C-160B5322D211}.Debug|Any CPU.Build.0 = Debug|Any CPU
		{0D12E57D-F5C2-4D85-904C-160B5322D211}.Release|Any CPU.ActiveCfg = Release|Any CPU
		{0D12E57D-F5C2-4D85-904C-160B5322D211}.Release|Any CPU.Build.0 = Release|Any CPU
		{62BE321E-80B5-4B1E-8C94-83234E1BF3FC}.Debug|Any CPU.ActiveCfg = Debug|Any CPU
		{62BE321E-80B5-4B1E-8C94-83234E1BF3FC}.Debug|Any CPU.Build.0 = Debug|Any CPU
		{62BE321E-80B5-4B1E-8C94-83234E1BF3FC}.Release|Any CPU.ActiveCfg = Release|Any CPU
		{62BE321E-80B5-4B1E-8C94-83234E1BF3FC}.Release|Any CPU.Build.0 = Release|Any CPU
		{7785E73C-DB97-40F6-B2FC-8404C5632319}.Debug|Any CPU.ActiveCfg = Debug|Any CPU
		{7785E73C-DB97-40F6-B2FC-8404C5632319}.Debug|Any CPU.Build.0 = Debug|Any CPU
		{7785E73C-DB97-40F6-B2FC-8404C5632319}.Release|Any CPU.ActiveCfg = Release|Any CPU
		{7785E73C-DB97-40F6-B2FC-8404C5632319}.Release|Any CPU.Build.0 = Release|Any CPU
		{0EE341F2-9BC0-4463-9616-76235D302348}.Debug|Any CPU.ActiveCfg = Debug|Any CPU
		{0EE341F2-9BC0-4463-9616-76235D302348}.Debug|Any CPU.Build.0 = Debug|Any CPU
		{0EE341F2-9BC0-4463-9616-76235D302348}.Release|Any CPU.ActiveCfg = Release|Any CPU
		{0EE341F2-9BC0-4463-9616-76235D302348}.Release|Any CPU.Build.0 = Release|Any CPU
		{FA7104AD-8D61-422E-8A71-068591D16485}.Debug|Any CPU.ActiveCfg = Debug|Any CPU
		{FA7104AD-8D61-422E-8A71-068591D16485}.Debug|Any CPU.Build.0 = Debug|Any CPU
		{FA7104AD-8D61-422E-8A71-068591D16485}.Release|Any CPU.ActiveCfg = Release|Any CPU
		{FA7104AD-8D61-422E-8A71-068591D16485}.Release|Any CPU.Build.0 = Release|Any CPU
		{AB9613F6-502C-46E5-A305-A63BB27D6D78}.Debug|Any CPU.ActiveCfg = Debug|Any CPU
		{AB9613F6-502C-46E5-A305-A63BB27D6D78}.Debug|Any CPU.Build.0 = Debug|Any CPU
		{AB9613F6-502C-46E5-A305-A63BB27D6D78}.Release|Any CPU.ActiveCfg = Release|Any CPU
		{AB9613F6-502C-46E5-A305-A63BB27D6D78}.Release|Any CPU.Build.0 = Release|Any CPU
		{9F4AF836-2EAC-490F-B207-A422532905D8}.Debug|Any CPU.ActiveCfg = Debug|Any CPU
		{9F4AF836-2EAC-490F-B207-A422532905D8}.Debug|Any CPU.Build.0 = Debug|Any CPU
		{9F4AF836-2EAC-490F-B207-A422532905D8}.Release|Any CPU.ActiveCfg = Release|Any CPU
		{9F4AF836-2EAC-490F-B207-A422532905D8}.Release|Any CPU.Build.0 = Release|Any CPU
		{C221362C-0231-4A2E-9A73-15EB0E986309}.Debug|Any CPU.ActiveCfg = Debug|Any CPU
		{C221362C-0231-4A2E-9A73-15EB0E986309}.Debug|Any CPU.Build.0 = Debug|Any CPU
		{C221362C-0231-4A2E-9A73-15EB0E986309}.Release|Any CPU.ActiveCfg = Release|Any CPU
		{C221362C-0231-4A2E-9A73-15EB0E986309}.Release|Any CPU.Build.0 = Release|Any CPU
	EndGlobalSection
	GlobalSection(SolutionProperties) = preSolution
		HideSolutionNode = FALSE
	EndGlobalSection
	GlobalSection(NestedProjects) = preSolution
		{FC4F56E0-4ED9-4AA2-A21A-E40904E46B58} = {7BC4DAE7-1295-4E50-86D8-D79BE61D1E3B}
		{0D12E57D-F5C2-4D85-904C-160B5322D211} = {7BC4DAE7-1295-4E50-86D8-D79BE61D1E3B}
		{62BE321E-80B5-4B1E-8C94-83234E1BF3FC} = {7BC4DAE7-1295-4E50-86D8-D79BE61D1E3B}
		{7785E73C-DB97-40F6-B2FC-8404C5632319} = {D209B728-1CFE-4D6A-A509-B527208C2855}
		{0EE341F2-9BC0-4463-9616-76235D302348} = {D209B728-1CFE-4D6A-A509-B527208C2855}
		{FA7104AD-8D61-422E-8A71-068591D16485} = {D209B728-1CFE-4D6A-A509-B527208C2855}
		{AB9613F6-502C-46E5-A305-A63BB27D6D78} = {FF941412-BF62-4329-B764-E0988BDDA70C}
		{9F4AF836-2EAC-490F-B207-A422532905D8} = {46B51F40-6FB4-4677-96F6-436922973C19}
		{C221362C-0231-4A2E-9A73-15EB0E986309} = {E80BCA4D-04B0-4F1E-B951-D07D68D33DAD}
	EndGlobalSection
	GlobalSection(ExtensibilityGlobals) = postSolution
		SolutionGuid = {51382709-5D1E-4E5F-8D35-C66A27EBD55D}
	EndGlobalSection
EndGlobal
